
Microsoft Visual Studio Solution File, Format Version 12.00
# Visual Studio Version 17
VisualStudioVersion = 17.3.32922.545
MinimumVisualStudioVersion = 10.0.40219.1
Project("{FAE04EC0-301F-11D3-BF4B-00C04F79EFBC}") = "Cheapla.Data", "Cheapla.Data\Cheapla.Data.csproj", "{AB1C9535-4D2B-4227-AB91-603F91E586B6}"
EndProject
Project("{FAE04EC0-301F-11D3-BF4B-00C04F79EFBC}") = "Cheapla.Business", "Cheapla.Business\Cheapla.Business.csproj", "{B39EC15B-8322-4077-B13B-AA371D59CBF6}"
EndProject
Project("{FAE04EC0-301F-11D3-BF4B-00C04F79EFBC}") = "Cheapla.WebUI", "Cheapla.WebUI\Cheapla.WebUI.csproj", "{20B159B5-3172-4188-A667-721D70FC217D}"
EndProject
Global
	GlobalSection(SolutionConfigurationPlatforms) = preSolution
		Debug|Any CPU = Debug|Any CPU
		Release|Any CPU = Release|Any CPU
	EndGlobalSection
	GlobalSection(ProjectConfigurationPlatforms) = postSolution
		{AB1C9535-4D2B-4227-AB91-603F91E586B6}.Debug|Any CPU.ActiveCfg = Debug|Any CPU
		{AB1C9535-4D2B-4227-AB91-603F91E586B6}.Debug|Any CPU.Build.0 = Debug|Any CPU
		{AB1C9535-4D2B-4227-AB91-603F91E586B6}.Release|Any CPU.ActiveCfg = Release|Any CPU
		{AB1C9535-4D2B-4227-AB91-603F91E586B6}.Release|Any CPU.Build.0 = Release|Any CPU
		{B39EC15B-8322-4077-B13B-AA371D59CBF6}.Debug|Any CPU.ActiveCfg = Debug|Any CPU
		{B39EC15B-8322-4077-B13B-AA371D59CBF6}.Debug|Any CPU.Build.0 = Debug|Any CPU
		{B39EC15B-8322-4077-B13B-AA371D59CBF6}.Release|Any CPU.ActiveCfg = Release|Any CPU
		{B39EC15B-8322-4077-B13B-AA371D59CBF6}.Release|Any CPU.Build.0 = Release|Any CPU
		{20B159B5-3172-4188-A667-721D70FC217D}.Debug|Any CPU.ActiveCfg = Debug|Any CPU
		{20B159B5-3172-4188-A667-721D70FC217D}.Debug|Any CPU.Build.0 = Debug|Any CPU
		{20B159B5-3172-4188-A667-721D70FC217D}.Release|Any CPU.ActiveCfg = Release|Any CPU
		{20B159B5-3172-4188-A667-721D70FC217D}.Release|Any CPU.Build.0 = Release|Any CPU
	EndGlobalSection
	GlobalSection(SolutionProperties) = preSolution
		HideSolutionNode = FALSE
	EndGlobalSection
	GlobalSection(ExtensibilityGlobals) = postSolution
		SolutionGuid = {B8DB55F1-24E7-417B-B7E9-2AE33904A3D9}
	EndGlobalSection
EndGlobal
